// !$*UTF8*$!
{
	archiveVersion = 1;
	classes = {
	};
	objectVersion = 56;
	objects = {

/* Begin PBXBuildFile section */
		4B288E9D66BCDE26C0A1B909 /* Pods_Fibo.framework in Frameworks */ = {isa = PBXBuildFile; fileRef = 5A49352CD5DF8A234FBBE9F9 /* Pods_Fibo.framework */; };
		DA0DDC7629F0000D0039D0C0 /* AppDelegate.swift in Sources */ = {isa = PBXBuildFile; fileRef = DA0DDC7529F0000D0039D0C0 /* AppDelegate.swift */; };
		DA0DDC7829F0000D0039D0C0 /* SceneDelegate.swift in Sources */ = {isa = PBXBuildFile; fileRef = DA0DDC7729F0000D0039D0C0 /* SceneDelegate.swift */; };
		DA0DDC7A29F0000D0039D0C0 /* ViewController.swift in Sources */ = {isa = PBXBuildFile; fileRef = DA0DDC7929F0000D0039D0C0 /* ViewController.swift */; };
		DA0DDC7D29F0000D0039D0C0 /* Main.storyboard in Resources */ = {isa = PBXBuildFile; fileRef = DA0DDC7B29F0000D0039D0C0 /* Main.storyboard */; };
		DA0DDC7F29F0000F0039D0C0 /* Assets.xcassets in Resources */ = {isa = PBXBuildFile; fileRef = DA0DDC7E29F0000F0039D0C0 /* Assets.xcassets */; };
		DA0DDC8229F0000F0039D0C0 /* LaunchScreen.storyboard in Resources */ = {isa = PBXBuildFile; fileRef = DA0DDC8029F0000F0039D0C0 /* LaunchScreen.storyboard */; };
		DA0DDC8A29F000950039D0C0 /* SignUpViewController.swift in Sources */ = {isa = PBXBuildFile; fileRef = DA0DDC8929F000950039D0C0 /* SignUpViewController.swift */; };
		DA0DDC8C29F000AB0039D0C0 /* LoginViewController.swift in Sources */ = {isa = PBXBuildFile; fileRef = DA0DDC8B29F000AB0039D0C0 /* LoginViewController.swift */; };
		DA0DDC8E29F000C10039D0C0 /* HomeViewController.swift in Sources */ = {isa = PBXBuildFile; fileRef = DA0DDC8D29F000C10039D0C0 /* HomeViewController.swift */; };
		DA0DDC9129F00B5A0039D0C0 /* Utilities.swift in Sources */ = {isa = PBXBuildFile; fileRef = DA0DDC9029F00B5A0039D0C0 /* Utilities.swift */; };
		DA2B3AD929F17D88001D0F4E /* Constants.swift in Sources */ = {isa = PBXBuildFile; fileRef = DA2B3AD829F17D88001D0F4E /* Constants.swift */; };
		DABCBBE229F2A0F40053397D /* GoogleService-Info.plist in Resources */ = {isa = PBXBuildFile; fileRef = DABCBBE129F2A0F40053397D /* GoogleService-Info.plist */; };
/* End PBXBuildFile section */

/* Begin PBXFileReference section */
		5A49352CD5DF8A234FBBE9F9 /* Pods_Fibo.framework */ = {isa = PBXFileReference; explicitFileType = wrapper.framework; includeInIndex = 0; path = Pods_Fibo.framework; sourceTree = BUILT_PRODUCTS_DIR; };
		C7F3BB3519DB0507A5D5C206 /* Pods-Fibo.release.xcconfig */ = {isa = PBXFileReference; includeInIndex = 1; lastKnownFileType = text.xcconfig; name = "Pods-Fibo.release.xcconfig"; path = "Target Support Files/Pods-Fibo/Pods-Fibo.release.xcconfig"; sourceTree = "<group>"; };
		D250304FE0469312031A146D /* Pods-Fibo.debug.xcconfig */ = {isa = PBXFileReference; includeInIndex = 1; lastKnownFileType = text.xcconfig; name = "Pods-Fibo.debug.xcconfig"; path = "Target Support Files/Pods-Fibo/Pods-Fibo.debug.xcconfig"; sourceTree = "<group>"; };
		DA0DDC7229F0000D0039D0C0 /* Fibo.app */ = {isa = PBXFileReference; explicitFileType = wrapper.application; includeInIndex = 0; path = Fibo.app; sourceTree = BUILT_PRODUCTS_DIR; };
		DA0DDC7529F0000D0039D0C0 /* AppDelegate.swift */ = {isa = PBXFileReference; lastKnownFileType = sourcecode.swift; path = AppDelegate.swift; sourceTree = "<group>"; };
		DA0DDC7729F0000D0039D0C0 /* SceneDelegate.swift */ = {isa = PBXFileReference; lastKnownFileType = sourcecode.swift; path = SceneDelegate.swift; sourceTree = "<group>"; };
		DA0DDC7929F0000D0039D0C0 /* ViewController.swift */ = {isa = PBXFileReference; lastKnownFileType = sourcecode.swift; path = ViewController.swift; sourceTree = "<group>"; };
		DA0DDC7C29F0000D0039D0C0 /* Base */ = {isa = PBXFileReference; lastKnownFileType = file.storyboard; name = Base; path = Base.lproj/Main.storyboard; sourceTree = "<group>"; };
		DA0DDC7E29F0000F0039D0C0 /* Assets.xcassets */ = {isa = PBXFileReference; lastKnownFileType = folder.assetcatalog; path = Assets.xcassets; sourceTree = "<group>"; };
		DA0DDC8129F0000F0039D0C0 /* Base */ = {isa = PBXFileReference; lastKnownFileType = file.storyboard; name = Base; path = Base.lproj/LaunchScreen.storyboard; sourceTree = "<group>"; };
		DA0DDC8329F0000F0039D0C0 /* Info.plist */ = {isa = PBXFileReference; lastKnownFileType = text.plist.xml; path = Info.plist; sourceTree = "<group>"; };
		DA0DDC8929F000950039D0C0 /* SignUpViewController.swift */ = {isa = PBXFileReference; lastKnownFileType = sourcecode.swift; path = SignUpViewController.swift; sourceTree = "<group>"; };
		DA0DDC8B29F000AB0039D0C0 /* LoginViewController.swift */ = {isa = PBXFileReference; lastKnownFileType = sourcecode.swift; path = LoginViewController.swift; sourceTree = "<group>"; };
		DA0DDC8D29F000C10039D0C0 /* HomeViewController.swift */ = {isa = PBXFileReference; lastKnownFileType = sourcecode.swift; path = HomeViewController.swift; sourceTree = "<group>"; };
		DA0DDC9029F00B5A0039D0C0 /* Utilities.swift */ = {isa = PBXFileReference; fileEncoding = 4; lastKnownFileType = sourcecode.swift; path = Utilities.swift; sourceTree = "<group>"; };
		DA2B3AD829F17D88001D0F4E /* Constants.swift */ = {isa = PBXFileReference; lastKnownFileType = sourcecode.swift; path = Constants.swift; sourceTree = "<group>"; };
		DABCBBE129F2A0F40053397D /* GoogleService-Info.plist */ = {isa = PBXFileReference; fileEncoding = 4; lastKnownFileType = text.plist.xml; path = "GoogleService-Info.plist"; sourceTree = "<group>"; };
/* End PBXFileReference section */

/* Begin PBXFrameworksBuildPhase section */
		DA0DDC6F29F0000D0039D0C0 /* Frameworks */ = {
			isa = PBXFrameworksBuildPhase;
			buildActionMask = 2147483647;
			files = (
				4B288E9D66BCDE26C0A1B909 /* Pods_Fibo.framework in Frameworks */,
			);
			runOnlyForDeploymentPostprocessing = 0;
		};
/* End PBXFrameworksBuildPhase section */

/* Begin PBXGroup section */
		5A23FAEC44E5373A3526EF1B /* Frameworks */ = {
			isa = PBXGroup;
			children = (
				5A49352CD5DF8A234FBBE9F9 /* Pods_Fibo.framework */,
			);
			name = Frameworks;
			sourceTree = "<group>";
		};
		881BA9F3FE21CF2B7CE2ECE3 /* Pods */ = {
			isa = PBXGroup;
			children = (
				D250304FE0469312031A146D /* Pods-Fibo.debug.xcconfig */,
				C7F3BB3519DB0507A5D5C206 /* Pods-Fibo.release.xcconfig */,
			);
			path = Pods;
			sourceTree = "<group>";
		};
		DA0DDC6929F0000D0039D0C0 = {
			isa = PBXGroup;
			children = (
				DA0DDC7429F0000D0039D0C0 /* Fibo */,
				DA0DDC7329F0000D0039D0C0 /* Products */,
				881BA9F3FE21CF2B7CE2ECE3 /* Pods */,
				5A23FAEC44E5373A3526EF1B /* Frameworks */,
			);
			sourceTree = "<group>";
		};
		DA0DDC7329F0000D0039D0C0 /* Products */ = {
			isa = PBXGroup;
			children = (
				DA0DDC7229F0000D0039D0C0 /* Fibo.app */,
			);
			name = Products;
			sourceTree = "<group>";
		};
		DA0DDC7429F0000D0039D0C0 /* Fibo */ = {
			isa = PBXGroup;
			children = (
				DA0DDC7529F0000D0039D0C0 /* AppDelegate.swift */,
				DA0DDC7729F0000D0039D0C0 /* SceneDelegate.swift */,
				DA0DDC9229F00B710039D0C0 /* Helpers */,
				DA0DDC8F29F000E10039D0C0 /* ViewControllers */,
				DA0DDC7B29F0000D0039D0C0 /* Main.storyboard */,
				DA0DDC7E29F0000F0039D0C0 /* Assets.xcassets */,
				DA0DDC8029F0000F0039D0C0 /* LaunchScreen.storyboard */,
				DA0DDC8329F0000F0039D0C0 /* Info.plist */,
				DABCBBE129F2A0F40053397D /* GoogleService-Info.plist */,
			);
			path = Fibo;
			sourceTree = "<group>";
		};
		DA0DDC8F29F000E10039D0C0 /* ViewControllers */ = {
			isa = PBXGroup;
			children = (
				DA0DDC7929F0000D0039D0C0 /* ViewController.swift */,
				DA0DDC8929F000950039D0C0 /* SignUpViewController.swift */,
				DA0DDC8B29F000AB0039D0C0 /* LoginViewController.swift */,
				DA0DDC8D29F000C10039D0C0 /* HomeViewController.swift */,
			);
			path = ViewControllers;
			sourceTree = "<group>";
		};
		DA0DDC9229F00B710039D0C0 /* Helpers */ = {
			isa = PBXGroup;
			children = (
				DA0DDC9029F00B5A0039D0C0 /* Utilities.swift */,
				DA2B3AD829F17D88001D0F4E /* Constants.swift */,
			);
			path = Helpers;
			sourceTree = "<group>";
		};
/* End PBXGroup section */

/* Begin PBXNativeTarget section */
		DA0DDC7129F0000D0039D0C0 /* Fibo */ = {
			isa = PBXNativeTarget;
			buildConfigurationList = DA0DDC8629F0000F0039D0C0 /* Build configuration list for PBXNativeTarget "Fibo" */;
			buildPhases = (
				EC4F5FE6BFE8C09EE21E88F3 /* [CP] Check Pods Manifest.lock */,
				DA0DDC6E29F0000D0039D0C0 /* Sources */,
				DA0DDC6F29F0000D0039D0C0 /* Frameworks */,
				DA0DDC7029F0000D0039D0C0 /* Resources */,
				CC7908B3621F63B0F154772C /* [CP] Embed Pods Frameworks */,
			);
			buildRules = (
			);
			dependencies = (
			);
			name = Fibo;
			productName = Fibo;
			productReference = DA0DDC7229F0000D0039D0C0 /* Fibo.app */;
			productType = "com.apple.product-type.application";
		};
/* End PBXNativeTarget section */

/* Begin PBXProject section */
		DA0DDC6A29F0000D0039D0C0 /* Project object */ = {
			isa = PBXProject;
			attributes = {
				BuildIndependentTargetsInParallel = 1;
				LastSwiftUpdateCheck = 1420;
				LastUpgradeCheck = 1420;
				TargetAttributes = {
					DA0DDC7129F0000D0039D0C0 = {
						CreatedOnToolsVersion = 14.2;
					};
				};
			};
			buildConfigurationList = DA0DDC6D29F0000D0039D0C0 /* Build configuration list for PBXProject "Fibo" */;
			compatibilityVersion = "Xcode 14.0";
			developmentRegion = en;
			hasScannedForEncodings = 0;
			knownRegions = (
				en,
				Base,
			);
			mainGroup = DA0DDC6929F0000D0039D0C0;
			productRefGroup = DA0DDC7329F0000D0039D0C0 /* Products */;
			projectDirPath = "";
			projectRoot = "";
			targets = (
				DA0DDC7129F0000D0039D0C0 /* Fibo */,
			);
		};
/* End PBXProject section */

/* Begin PBXResourcesBuildPhase section */
		DA0DDC7029F0000D0039D0C0 /* Resources */ = {
			isa = PBXResourcesBuildPhase;
			buildActionMask = 2147483647;
			files = (
				DA0DDC8229F0000F0039D0C0 /* LaunchScreen.storyboard in Resources */,
				DABCBBE229F2A0F40053397D /* GoogleService-Info.plist in Resources */,
				DA0DDC7F29F0000F0039D0C0 /* Assets.xcassets in Resources */,
				DA0DDC7D29F0000D0039D0C0 /* Main.storyboard in Resources */,
			);
			runOnlyForDeploymentPostprocessing = 0;
		};
/* End PBXResourcesBuildPhase section */

/* Begin PBXShellScriptBuildPhase section */
		CC7908B3621F63B0F154772C /* [CP] Embed Pods Frameworks */ = {
			isa = PBXShellScriptBuildPhase;
			buildActionMask = 2147483647;
			files = (
			);
			inputFileListPaths = (
				"${PODS_ROOT}/Target Support Files/Pods-Fibo/Pods-Fibo-frameworks-${CONFIGURATION}-input-files.xcfilelist",
			);
			name = "[CP] Embed Pods Frameworks";
			outputFileListPaths = (
				"${PODS_ROOT}/Target Support Files/Pods-Fibo/Pods-Fibo-frameworks-${CONFIGURATION}-output-files.xcfilelist",
			);
			runOnlyForDeploymentPostprocessing = 0;
			shellPath = /bin/sh;
			shellScript = "\"${PODS_ROOT}/Target Support Files/Pods-Fibo/Pods-Fibo-frameworks.sh\"\n";
			showEnvVarsInLog = 0;
		};
		EC4F5FE6BFE8C09EE21E88F3 /* [CP] Check Pods Manifest.lock */ = {
			isa = PBXShellScriptBuildPhase;
			buildActionMask = 2147483647;
			files = (
			);
			inputFileListPaths = (
			);
			inputPaths = (
				"${PODS_PODFILE_DIR_PATH}/Podfile.lock",
				"${PODS_ROOT}/Manifest.lock",
			);
			name = "[CP] Check Pods Manifest.lock";
			outputFileListPaths = (
			);
			outputPaths = (
				"$(DERIVED_FILE_DIR)/Pods-Fibo-checkManifestLockResult.txt",
			);
			runOnlyForDeploymentPostprocessing = 0;
			shellPath = /bin/sh;
			shellScript = "diff \"${PODS_PODFILE_DIR_PATH}/Podfile.lock\" \"${PODS_ROOT}/Manifest.lock\" > /dev/null\nif [ $? != 0 ] ; then\n    # print error to STDERR\n    echo \"error: The sandbox is not in sync with the Podfile.lock. Run 'pod install' or update your CocoaPods installation.\" >&2\n    exit 1\nfi\n# This output is used by Xcode 'outputs' to avoid re-running this script phase.\necho \"SUCCESS\" > \"${SCRIPT_OUTPUT_FILE_0}\"\n";
			showEnvVarsInLog = 0;
		};
/* End PBXShellScriptBuildPhase section */

/* Begin PBXSourcesBuildPhase section */
		DA0DDC6E29F0000D0039D0C0 /* Sources */ = {
			isa = PBXSourcesBuildPhase;
			buildActionMask = 2147483647;
			files = (
				DA0DDC7A29F0000D0039D0C0 /* ViewController.swift in Sources */,
				DA0DDC7629F0000D0039D0C0 /* AppDelegate.swift in Sources */,
				DA0DDC9129F00B5A0039D0C0 /* Utilities.swift in Sources */,
				DA0DDC8A29F000950039D0C0 /* SignUpViewController.swift in Sources */,
				DA0DDC8C29F000AB0039D0C0 /* LoginViewController.swift in Sources */,
				DA0DDC7829F0000D0039D0C0 /* SceneDelegate.swift in Sources */,
				DA0DDC8E29F000C10039D0C0 /* HomeViewController.swift in Sources */,
				DA2B3AD929F17D88001D0F4E /* Constants.swift in Sources */,
			);
			runOnlyForDeploymentPostprocessing = 0;
		};
/* End PBXSourcesBuildPhase section */

/* Begin PBXVariantGroup section */
		DA0DDC7B29F0000D0039D0C0 /* Main.storyboard */ = {
			isa = PBXVariantGroup;
			children = (
				DA0DDC7C29F0000D0039D0C0 /* Base */,
			);
			name = Main.storyboard;
			sourceTree = "<group>";
		};
		DA0DDC8029F0000F0039D0C0 /* LaunchScreen.storyboard */ = {
			isa = PBXVariantGroup;
			children = (
				DA0DDC8129F0000F0039D0C0 /* Base */,
			);
			name = LaunchScreen.storyboard;
			sourceTree = "<group>";
		};
/* End PBXVariantGroup section */

/* Begin XCBuildConfiguration section */
		DA0DDC8429F0000F0039D0C0 /* Debug */ = {
			isa = XCBuildConfiguration;
			buildSettings = {
				ALWAYS_SEARCH_USER_PATHS = NO;
				CLANG_ANALYZER_NONNULL = YES;
				CLANG_ANALYZER_NUMBER_OBJECT_CONVERSION = YES_AGGRESSIVE;
				CLANG_CXX_LANGUAGE_STANDARD = "gnu++20";
				CLANG_ENABLE_MODULES = YES;
				CLANG_ENABLE_OBJC_ARC = YES;
				CLANG_ENABLE_OBJC_WEAK = YES;
				CLANG_WARN_BLOCK_CAPTURE_AUTORELEASING = YES;
				CLANG_WARN_BOOL_CONVERSION = YES;
				CLANG_WARN_COMMA = YES;
				CLANG_WARN_CONSTANT_CONVERSION = YES;
				CLANG_WARN_DEPRECATED_OBJC_IMPLEMENTATIONS = YES;
				CLANG_WARN_DIRECT_OBJC_ISA_USAGE = YES_ERROR;
				CLANG_WARN_DOCUMENTATION_COMMENTS = YES;
				CLANG_WARN_EMPTY_BODY = YES;
				CLANG_WARN_ENUM_CONVERSION = YES;
				CLANG_WARN_INFINITE_RECURSION = YES;
				CLANG_WARN_INT_CONVERSION = YES;
				CLANG_WARN_NON_LITERAL_NULL_CONVERSION = YES;
				CLANG_WARN_OBJC_IMPLICIT_RETAIN_SELF = YES;
				CLANG_WARN_OBJC_LITERAL_CONVERSION = YES;
				CLANG_WARN_OBJC_ROOT_CLASS = YES_ERROR;
				CLANG_WARN_QUOTED_INCLUDE_IN_FRAMEWORK_HEADER = YES;
				CLANG_WARN_RANGE_LOOP_ANALYSIS = YES;
				CLANG_WARN_STRICT_PROTOTYPES = YES;
				CLANG_WARN_SUSPICIOUS_MOVE = YES;
				CLANG_WARN_UNGUARDED_AVAILABILITY = YES_AGGRESSIVE;
				CLANG_WARN_UNREACHABLE_CODE = YES;
				CLANG_WARN__DUPLICATE_METHOD_MATCH = YES;
				COPY_PHASE_STRIP = NO;
				DEBUG_INFORMATION_FORMAT = dwarf;
				ENABLE_STRICT_OBJC_MSGSEND = YES;
				ENABLE_TESTABILITY = YES;
				GCC_C_LANGUAGE_STANDARD = gnu11;
				GCC_DYNAMIC_NO_PIC = NO;
				GCC_NO_COMMON_BLOCKS = YES;
				GCC_OPTIMIZATION_LEVEL = 0;
				GCC_PREPROCESSOR_DEFINITIONS = (
					"DEBUG=1",
					"$(inherited)",
				);
				GCC_WARN_64_TO_32_BIT_CONVERSION = YES;
				GCC_WARN_ABOUT_RETURN_TYPE = YES_ERROR;
				GCC_WARN_UNDECLARED_SELECTOR = YES;
				GCC_WARN_UNINITIALIZED_AUTOS = YES_AGGRESSIVE;
				GCC_WARN_UNUSED_FUNCTION = YES;
				GCC_WARN_UNUSED_VARIABLE = YES;
				IPHONEOS_DEPLOYMENT_TARGET = 16.2;
				MTL_ENABLE_DEBUG_INFO = INCLUDE_SOURCE;
				MTL_FAST_MATH = YES;
				ONLY_ACTIVE_ARCH = YES;
				SDKROOT = iphoneos;
				SWIFT_ACTIVE_COMPILATION_CONDITIONS = DEBUG;
				SWIFT_OPTIMIZATION_LEVEL = "-Onone";
			};
			name = Debug;
		};
		DA0DDC8529F0000F0039D0C0 /* Release */ = {
			isa = XCBuildConfiguration;
			buildSettings = {
				ALWAYS_SEARCH_USER_PATHS = NO;
				CLANG_ANALYZER_NONNULL = YES;
				CLANG_ANALYZER_NUMBER_OBJECT_CONVERSION = YES_AGGRESSIVE;
				CLANG_CXX_LANGUAGE_STANDARD = "gnu++20";
				CLANG_ENABLE_MODULES = YES;
				CLANG_ENABLE_OBJC_ARC = YES;
				CLANG_ENABLE_OBJC_WEAK = YES;
				CLANG_WARN_BLOCK_CAPTURE_AUTORELEASING = YES;
				CLANG_WARN_BOOL_CONVERSION = YES;
				CLANG_WARN_COMMA = YES;
				CLANG_WARN_CONSTANT_CONVERSION = YES;
				CLANG_WARN_DEPRECATED_OBJC_IMPLEMENTATIONS = YES;
				CLANG_WARN_DIRECT_OBJC_ISA_USAGE = YES_ERROR;
				CLANG_WARN_DOCUMENTATION_COMMENTS = YES;
				CLANG_WARN_EMPTY_BODY = YES;
				CLANG_WARN_ENUM_CONVERSION = YES;
				CLANG_WARN_INFINITE_RECURSION = YES;
				CLANG_WARN_INT_CONVERSION = YES;
				CLANG_WARN_NON_LITERAL_NULL_CONVERSION = YES;
				CLANG_WARN_OBJC_IMPLICIT_RETAIN_SELF = YES;
				CLANG_WARN_OBJC_LITERAL_CONVERSION = YES;
				CLANG_WARN_OBJC_ROOT_CLASS = YES_ERROR;
				CLANG_WARN_QUOTED_INCLUDE_IN_FRAMEWORK_HEADER = YES;
				CLANG_WARN_RANGE_LOOP_ANALYSIS = YES;
				CLANG_WARN_STRICT_PROTOTYPES = YES;
				CLANG_WARN_SUSPICIOUS_MOVE = YES;
				CLANG_WARN_UNGUARDED_AVAILABILITY = YES_AGGRESSIVE;
				CLANG_WARN_UNREACHABLE_CODE = YES;
				CLANG_WARN__DUPLICATE_METHOD_MATCH = YES;
				COPY_PHASE_STRIP = NO;
				DEBUG_INFORMATION_FORMAT = "dwarf-with-dsym";
				ENABLE_NS_ASSERTIONS = NO;
				ENABLE_STRICT_OBJC_MSGSEND = YES;
				GCC_C_LANGUAGE_STANDARD = gnu11;
				GCC_NO_COMMON_BLOCKS = YES;
				GCC_WARN_64_TO_32_BIT_CONVERSION = YES;
				GCC_WARN_ABOUT_RETURN_TYPE = YES_ERROR;
				GCC_WARN_UNDECLARED_SELECTOR = YES;
				GCC_WARN_UNINITIALIZED_AUTOS = YES_AGGRESSIVE;
				GCC_WARN_UNUSED_FUNCTION = YES;
				GCC_WARN_UNUSED_VARIABLE = YES;
				IPHONEOS_DEPLOYMENT_TARGET = 16.2;
				MTL_ENABLE_DEBUG_INFO = NO;
				MTL_FAST_MATH = YES;
				SDKROOT = iphoneos;
				SWIFT_COMPILATION_MODE = wholemodule;
				SWIFT_OPTIMIZATION_LEVEL = "-O";
				VALIDATE_PRODUCT = YES;
			};
			name = Release;
		};
		DA0DDC8729F0000F0039D0C0 /* Debug */ = {
			isa = XCBuildConfiguration;
			baseConfigurationReference = D250304FE0469312031A146D /* Pods-Fibo.debug.xcconfig */;
			buildSettings = {
				ASSETCATALOG_COMPILER_APPICON_NAME = AppIcon;
				ASSETCATALOG_COMPILER_GLOBAL_ACCENT_COLOR_NAME = AccentColor;
				CODE_SIGN_STYLE = Automatic;
				CURRENT_PROJECT_VERSION = 1;
				DEVELOPMENT_TEAM = A9H9Y6KG46;
				GENERATE_INFOPLIST_FILE = YES;
				INFOPLIST_FILE = Fibo/Info.plist;
				INFOPLIST_KEY_UIApplicationSupportsIndirectInputEvents = YES;
				INFOPLIST_KEY_UILaunchStoryboardName = LaunchScreen;
				INFOPLIST_KEY_UIMainStoryboardFile = Main;
				INFOPLIST_KEY_UISupportedInterfaceOrientations_iPad = "UIInterfaceOrientationPortrait UIInterfaceOrientationPortraitUpsideDown UIInterfaceOrientationLandscapeLeft UIInterfaceOrientationLandscapeRight";
				INFOPLIST_KEY_UISupportedInterfaceOrientations_iPhone = "UIInterfaceOrientationPortrait UIInterfaceOrientationLandscapeLeft UIInterfaceOrientationLandscapeRight";
				LD_RUNPATH_SEARCH_PATHS = (
					"$(inherited)",
					"@executable_path/Frameworks",
				);
				MARKETING_VERSION = 1.0;
				PRODUCT_BUNDLE_IDENTIFIER = "i-m.Fibo";
				PRODUCT_NAME = "$(TARGET_NAME)";
				SWIFT_EMIT_LOC_STRINGS = YES;
				SWIFT_VERSION = 5.0;
				TARGETED_DEVICE_FAMILY = "1,2";
			};
			name = Debug;
		};
		DA0DDC8829F0000F0039D0C0 /* Release */ = {
			isa = XCBuildConfiguration;
			baseConfigurationReference = C7F3BB3519DB0507A5D5C206 /* Pods-Fibo.release.xcconfig */;
			buildSettings = {
				ASSETCATALOG_COMPILER_APPICON_NAME = AppIcon;
				ASSETCATALOG_COMPILER_GLOBAL_ACCENT_COLOR_NAME = AccentColor;
				CODE_SIGN_STYLE = Automatic;
				CURRENT_PROJECT_VERSION = 1;
				DEVELOPMENT_TEAM = A9H9Y6KG46;
				GENERATE_INFOPLIST_FILE = YES;
				INFOPLIST_FILE = Fibo/Info.plist;
				INFOPLIST_KEY_UIApplicationSupportsIndirectInputEvents = YES;
				INFOPLIST_KEY_UILaunchStoryboardName = LaunchScreen;
				INFOPLIST_KEY_UIMainStoryboardFile = Main;
				INFOPLIST_KEY_UISupportedInterfaceOrientations_iPad = "UIInterfaceOrientationPortrait UIInterfaceOrientationPortraitUpsideDown UIInterfaceOrientationLandscapeLeft UIInterfaceOrientationLandscapeRight";
				INFOPLIST_KEY_UISupportedInterfaceOrientations_iPhone = "UIInterfaceOrientationPortrait UIInterfaceOrientationLandscapeLeft UIInterfaceOrientationLandscapeRight";
				LD_RUNPATH_SEARCH_PATHS = (
					"$(inherited)",
					"@executable_path/Frameworks",
				);
				MARKETING_VERSION = 1.0;
				PRODUCT_BUNDLE_IDENTIFIER = "i-m.Fibo";
				PRODUCT_NAME = "$(TARGET_NAME)";
				SWIFT_EMIT_LOC_STRINGS = YES;
				SWIFT_VERSION = 5.0;
				TARGETED_DEVICE_FAMILY = "1,2";
			};
			name = Release;
		};
/* End XCBuildConfiguration section */

/* Begin XCConfigurationList section */
		DA0DDC6D29F0000D0039D0C0 /* Build configuration list for PBXProject "Fibo" */ = {
			isa = XCConfigurationList;
			buildConfigurations = (
				DA0DDC8429F0000F0039D0C0 /* Debug */,
				DA0DDC8529F0000F0039D0C0 /* Release */,
			);
			defaultConfigurationIsVisible = 0;
			defaultConfigurationName = Release;
		};
		DA0DDC8629F0000F0039D0C0 /* Build configuration list for PBXNativeTarget "Fibo" */ = {
			isa = XCConfigurationList;
			buildConfigurations = (
				DA0DDC8729F0000F0039D0C0 /* Debug */,
				DA0DDC8829F0000F0039D0C0 /* Release */,
			);
			defaultConfigurationIsVisible = 0;
			defaultConfigurationName = Release;
		};
/* End XCConfigurationList section */
	};
	rootObject = DA0DDC6A29F0000D0039D0C0 /* Project object */;
}
